<?xml version="1.0" encoding="utf-8"?>
<Project ToolsVersion="4.0" xmlns="http://schemas.microsoft.com/developer/msbuild/2003">
  <ItemGroup>
    <Filter Include="src">
      <UniqueIdentifier>{67DA6AB6-F800-4c08-8B7A-83BB121AAD01}</UniqueIdentifier>
      <Extensions>rc;ico;cur;bmp;dlg;rc2;rct;bin;rgs;gif;jpg;jpeg;jpe;resx;tiff;tif;png;wav;mfcribbon-ms</Extensions>
    </Filter>
    <Filter Include="shared">
      <UniqueIdentifier>{0ab625d1-d349-4e9e-a81c-26960bb6e83d}</UniqueIdentifier>
    </Filter>
    <Filter Include="vendors">
      <UniqueIdentifier>{edd354db-0641-401a-9f25-be513756776d}</UniqueIdentifier>
    </Filter>
    <Filter Include="vendors\ENet">
      <UniqueIdentifier>{210afd97-a377-4f9b-920c-eedbccb165c2}</UniqueIdentifier>
    </Filter>
    <Filter Include="vendors\ENet\include">
      <UniqueIdentifier>{9d65603c-ccea-423d-ad66-34f12f4581a9}</UniqueIdentifier>
    </Filter>
    <Filter Include="vendors\ENet\include\enet">
      <UniqueIdentifier>{b87df310-21c6-4b7d-9e11-3c854157ea35}</UniqueIdentifier>
    </Filter>
  </ItemGroup>
  <ItemGroup>
    <ClCompile Include="Main.cpp">
      <Filter>src</Filter>
    </ClCompile>
    <ClCompile Include="..\..\vendors\ENet\callbacks.c">
      <Filter>vendors\ENet</Filter>
    </ClCompile>
    <ClCompile Include="..\..\vendors\ENet\compress.c">
      <Filter>vendors\ENet</Filter>
    </ClCompile>
    <ClCompile Include="..\..\vendors\ENet\host.c">
      <Filter>vendors\ENet</Filter>
    </ClCompile>
    <ClCompile Include="..\..\vendors\ENet\list.c">
      <Filter>vendors\ENet</Filter>
    </ClCompile>
    <ClCompile Include="..\..\vendors\ENet\packet.c">
      <Filter>vendors\ENet</Filter>
    </ClCompile>
    <ClCompile Include="..\..\vendors\ENet\peer.c">
      <Filter>vendors\ENet</Filter>
    </ClCompile>
    <ClCompile Include="..\..\vendors\ENet\protocol.c">
      <Filter>vendors\ENet</Filter>
    </ClCompile>
    <ClCompile Include="..\..\vendors\ENet\win32.c">
      <Filter>vendors\ENet</Filter>
    </ClCompile>
  </ItemGroup>
  <ItemGroup>
    <ClInclude Include="..\shared\Shared.h">
      <Filter>shared</Filter>
    </ClInclude>
    <ClInclude Include="..\..\vendors\ENet\include\enet\callbacks.h">
      <Filter>vendors\ENet\include\enet</Filter>
    </ClInclude>
    <ClInclude Include="..\..\vendors\ENet\include\enet\enet.h">
      <Filter>vendors\ENet\include\enet</Filter>
    </ClInclude>
    <ClInclude Include="..\..\vendors\ENet\include\enet\list.h">
      <Filter>vendors\ENet\include\enet</Filter>
    </ClInclude>
    <ClInclude Include="..\..\vendors\ENet\include\enet\protocol.h">
      <Filter>vendors\ENet\include\enet</Filter>
    </ClInclude>
    <ClInclude Include="..\..\vendors\ENet\include\enet\time.h">
      <Filter>vendors\ENet\include\enet</Filter>
    </ClInclude>
    <ClInclude Include="..\..\vendors\ENet\include\enet\types.h">
      <Filter>vendors\ENet\include\enet</Filter>
    </ClInclude>
    <ClInclude Include="..\..\vendors\ENet\include\enet\unix.h">
      <Filter>vendors\ENet\include\enet</Filter>
    </ClInclude>
    <ClInclude Include="..\..\vendors\ENet\include\enet\utility.h">
      <Filter>vendors\ENet\include\enet</Filter>
    </ClInclude>
    <ClInclude Include="..\..\vendors\ENet\include\enet\win32.h">
      <Filter>vendors\ENet\include\enet</Filter>
    </ClInclude>
  </ItemGroup>
</Project>